
Microsoft Visual Studio Solution File, Format Version 12.00
# Visual Studio Version 17
VisualStudioVersion = 17.8.34309.116
MinimumVisualStudioVersion = 10.0.40219.1
Project("{9A19103F-16F7-4668-BE54-9A1E7A4F7556}") = "dashboard-budget", "dashboard-budget.csproj", "{09B6E76A-D0E4-479E-8E0F-169ECEC31FA9}"
EndProject
Project("{9A19103F-16F7-4668-BE54-9A1E7A4F7556}") = "DomainModel", "..\Infraestructure\DomainModel.csproj", "{5117E25F-AF25-4C1A-B5A0-CE8BABFB1E4E}"
EndProject
Project("{9A19103F-16F7-4668-BE54-9A1E7A4F7556}") = "ApplicationServices", "..\ApplicationServices\ApplicationServices.csproj", "{951A5451-21A5-41AB-A2C4-79959469CC60}"
EndProject
Project("{9A19103F-16F7-4668-BE54-9A1E7A4F7556}") = "InfraestructureDB", "..\InfraestructureDB\InfraestructureDB.csproj", "{E402CC9A-F700-4B63-9911-E702DD26AD97}"
EndProject
Project("{9A19103F-16F7-4668-BE54-9A1E7A4F7556}") = "CrossCutting", "..\CrossCutting\CrossCutting.csproj", "{68FE1634-F524-4D51-9B43-996B645C8305}"
EndProject
Project("{FAE04EC0-301F-11D3-BF4B-00C04F79EFBC}") = "DashboardBudgetTest", "..\DashboardBudgetTest\DashboardBudgetTest.csproj", "{C9A09825-E0DE-47BE-863F-B63CD419C43C}"
EndProject
Global
	GlobalSection(SolutionConfigurationPlatforms) = preSolution
		Debug|Any CPU = Debug|Any CPU
		Release|Any CPU = Release|Any CPU
	EndGlobalSection
	GlobalSection(ProjectConfigurationPlatforms) = postSolution
		{09B6E76A-D0E4-479E-8E0F-169ECEC31FA9}.Debug|Any CPU.ActiveCfg = Debug|Any CPU
		{09B6E76A-D0E4-479E-8E0F-169ECEC31FA9}.Debug|Any CPU.Build.0 = Debug|Any CPU
		{09B6E76A-D0E4-479E-8E0F-169ECEC31FA9}.Release|Any CPU.ActiveCfg = Release|Any CPU
		{09B6E76A-D0E4-479E-8E0F-169ECEC31FA9}.Release|Any CPU.Build.0 = Release|Any CPU
		{5117E25F-AF25-4C1A-B5A0-CE8BABFB1E4E}.Debug|Any CPU.ActiveCfg = Debug|Any CPU
		{5117E25F-AF25-4C1A-B5A0-CE8BABFB1E4E}.Debug|Any CPU.Build.0 = Debug|Any CPU
		{5117E25F-AF25-4C1A-B5A0-CE8BABFB1E4E}.Release|Any CPU.ActiveCfg = Release|Any CPU
		{5117E25F-AF25-4C1A-B5A0-CE8BABFB1E4E}.Release|Any CPU.Build.0 = Release|Any CPU
		{951A5451-21A5-41AB-A2C4-79959469CC60}.Debug|Any CPU.ActiveCfg = Debug|Any CPU
		{951A5451-21A5-41AB-A2C4-79959469CC60}.Debug|Any CPU.Build.0 = Debug|Any CPU
		{951A5451-21A5-41AB-A2C4-79959469CC60}.Release|Any CPU.ActiveCfg = Release|Any CPU
		{951A5451-21A5-41AB-A2C4-79959469CC60}.Release|Any CPU.Build.0 = Release|Any CPU
		{E402CC9A-F700-4B63-9911-E702DD26AD97}.Debug|Any CPU.ActiveCfg = Debug|Any CPU
		{E402CC9A-F700-4B63-9911-E702DD26AD97}.Debug|Any CPU.Build.0 = Debug|Any CPU
		{E402CC9A-F700-4B63-9911-E702DD26AD97}.Release|Any CPU.ActiveCfg = Release|Any CPU
		{E402CC9A-F700-4B63-9911-E702DD26AD97}.Release|Any CPU.Build.0 = Release|Any CPU
		{68FE1634-F524-4D51-9B43-996B645C8305}.Debug|Any CPU.ActiveCfg = Debug|Any CPU
		{68FE1634-F524-4D51-9B43-996B645C8305}.Debug|Any CPU.Build.0 = Debug|Any CPU
		{68FE1634-F524-4D51-9B43-996B645C8305}.Release|Any CPU.ActiveCfg = Release|Any CPU
		{68FE1634-F524-4D51-9B43-996B645C8305}.Release|Any CPU.Build.0 = Release|Any CPU
		{C9A09825-E0DE-47BE-863F-B63CD419C43C}.Debug|Any CPU.ActiveCfg = Debug|Any CPU
		{C9A09825-E0DE-47BE-863F-B63CD419C43C}.Debug|Any CPU.Build.0 = Debug|Any CPU
		{C9A09825-E0DE-47BE-863F-B63CD419C43C}.Release|Any CPU.ActiveCfg = Release|Any CPU
		{C9A09825-E0DE-47BE-863F-B63CD419C43C}.Release|Any CPU.Build.0 = Release|Any CPU
	EndGlobalSection
	GlobalSection(SolutionProperties) = preSolution
		HideSolutionNode = FALSE
	EndGlobalSection
	GlobalSection(ExtensibilityGlobals) = postSolution
		SolutionGuid = {6867CEF6-861A-47E2-A9FB-106646DD60B3}
	EndGlobalSection
EndGlobal
